
Microsoft Visual Studio Solution File, Format Version 12.00
# Visual Studio Version 16
VisualStudioVersion = 16.0.31313.79
MinimumVisualStudioVersion = 10.0.40219.1
Project("{FAE04EC0-301F-11D3-BF4B-00C04F79EFBC}") = "NBP - Mongo", "NBP - Mongo.csproj", "{5E4456C6-30A9-4B36-98BE-25E80ECF00E3}"
EndProject
Global
	GlobalSection(SolutionConfigurationPlatforms) = preSolution
		Debug|Any CPU = Debug|Any CPU
		Release|Any CPU = Release|Any CPU
	EndGlobalSection
	GlobalSection(ProjectConfigurationPlatforms) = postSolution
		{5E4456C6-30A9-4B36-98BE-25E80ECF00E3}.Debug|Any CPU.ActiveCfg = Debug|Any CPU
		{5E4456C6-30A9-4B36-98BE-25E80ECF00E3}.Debug|Any CPU.Build.0 = Debug|Any CPU
		{5E4456C6-30A9-4B36-98BE-25E80ECF00E3}.Release|Any CPU.ActiveCfg = Release|Any CPU
		{5E4456C6-30A9-4B36-98BE-25E80ECF00E3}.Release|Any CPU.Build.0 = Release|Any CPU
	EndGlobalSection
	GlobalSection(SolutionProperties) = preSolution
		HideSolutionNode = FALSE
	EndGlobalSection
	GlobalSection(ExtensibilityGlobals) = postSolution
		SolutionGuid = {8B65CB07-A82F-4E24-9D00-D2649280159F}
	EndGlobalSection
EndGlobal
